
Microsoft Visual Studio Solution File, Format Version 12.00
# Visual Studio 15
VisualStudioVersion = 15.0.26430.15
MinimumVisualStudioVersion = 10.0.40219.1
Project("{9A19103F-16F7-4668-BE54-9A1E7A4F7556}") = "VstsDash", "src\VstsDash\VstsDash.csproj", "{30A04226-62DE-4ABA-AB9B-D9F71BC924AB}"
EndProject
Project("{9A19103F-16F7-4668-BE54-9A1E7A4F7556}") = "VstsDash.WebApp", "src\VstsDash.WebApp\VstsDash.WebApp.csproj", "{571A4AD7-C6DF-45DB-9A95-9430E2EAFF1B}"
EndProject
Project("{9A19103F-16F7-4668-BE54-9A1E7A4F7556}") = "VstsDash.RestApi", "src\VstsDash.RestApi\VstsDash.RestApi.csproj", "{C1F06281-8688-490F-B4A7-B2D38DC49DAB}"
EndProject
Project("{FAE04EC0-301F-11D3-BF4B-00C04F79EFBC}") = "VstsDash.RestApi.Abstractions", "src\VstsDash.RestApi.Abstractions\VstsDash.RestApi.Abstractions.csproj", "{E1D97BFD-4DF0-4FCE-8281-5770ED156639}"
EndProject
Project("{FAE04EC0-301F-11D3-BF4B-00C04F79EFBC}") = "VstsDash.AppServices", "src\VstsDash.AppServices\VstsDash.AppServices.csproj", "{E6AB05FB-58BD-4B65-B2FD-ACD8FB556FEB}"
EndProject
Global
	GlobalSection(SolutionConfigurationPlatforms) = preSolution
		Debug|Any CPU = Debug|Any CPU
		Debug|x64 = Debug|x64
		Debug|x86 = Debug|x86
		Release|Any CPU = Release|Any CPU
		Release|x64 = Release|x64
		Release|x86 = Release|x86
	EndGlobalSection
	GlobalSection(ProjectConfigurationPlatforms) = postSolution
		{30A04226-62DE-4ABA-AB9B-D9F71BC924AB}.Debug|Any CPU.ActiveCfg = Debug|Any CPU
		{30A04226-62DE-4ABA-AB9B-D9F71BC924AB}.Debug|Any CPU.Build.0 = Debug|Any CPU
		{30A04226-62DE-4ABA-AB9B-D9F71BC924AB}.Debug|x64.ActiveCfg = Debug|Any CPU
		{30A04226-62DE-4ABA-AB9B-D9F71BC924AB}.Debug|x64.Build.0 = Debug|Any CPU
		{30A04226-62DE-4ABA-AB9B-D9F71BC924AB}.Debug|x86.ActiveCfg = Debug|Any CPU
		{30A04226-62DE-4ABA-AB9B-D9F71BC924AB}.Debug|x86.Build.0 = Debug|Any CPU
		{30A04226-62DE-4ABA-AB9B-D9F71BC924AB}.Release|Any CPU.ActiveCfg = Release|Any CPU
		{30A04226-62DE-4ABA-AB9B-D9F71BC924AB}.Release|Any CPU.Build.0 = Release|Any CPU
		{30A04226-62DE-4ABA-AB9B-D9F71BC924AB}.Release|x64.ActiveCfg = Release|Any CPU
		{30A04226-62DE-4ABA-AB9B-D9F71BC924AB}.Release|x64.Build.0 = Release|Any CPU
		{30A04226-62DE-4ABA-AB9B-D9F71BC924AB}.Release|x86.ActiveCfg = Release|Any CPU
		{30A04226-62DE-4ABA-AB9B-D9F71BC924AB}.Release|x86.Build.0 = Release|Any CPU
		{571A4AD7-C6DF-45DB-9A95-9430E2EAFF1B}.Debug|Any CPU.ActiveCfg = Debug|Any CPU
		{571A4AD7-C6DF-45DB-9A95-9430E2EAFF1B}.Debug|Any CPU.Build.0 = Debug|Any CPU
		{571A4AD7-C6DF-45DB-9A95-9430E2EAFF1B}.Debug|x64.ActiveCfg = Debug|Any CPU
		{571A4AD7-C6DF-45DB-9A95-9430E2EAFF1B}.Debug|x64.Build.0 = Debug|Any CPU
		{571A4AD7-C6DF-45DB-9A95-9430E2EAFF1B}.Debug|x86.ActiveCfg = Debug|Any CPU
		{571A4AD7-C6DF-45DB-9A95-9430E2EAFF1B}.Debug|x86.Build.0 = Debug|Any CPU
		{571A4AD7-C6DF-45DB-9A95-9430E2EAFF1B}.Release|Any CPU.ActiveCfg = Release|Any CPU
		{571A4AD7-C6DF-45DB-9A95-9430E2EAFF1B}.Release|Any CPU.Build.0 = Release|Any CPU
		{571A4AD7-C6DF-45DB-9A95-9430E2EAFF1B}.Release|x64.ActiveCfg = Release|Any CPU
		{571A4AD7-C6DF-45DB-9A95-9430E2EAFF1B}.Release|x64.Build.0 = Release|Any CPU
		{571A4AD7-C6DF-45DB-9A95-9430E2EAFF1B}.Release|x86.ActiveCfg = Release|Any CPU
		{571A4AD7-C6DF-45DB-9A95-9430E2EAFF1B}.Release|x86.Build.0 = Release|Any CPU
		{C1F06281-8688-490F-B4A7-B2D38DC49DAB}.Debug|Any CPU.ActiveCfg = Debug|Any CPU
		{C1F06281-8688-490F-B4A7-B2D38DC49DAB}.Debug|Any CPU.Build.0 = Debug|Any CPU
		{C1F06281-8688-490F-B4A7-B2D38DC49DAB}.Debug|x64.ActiveCfg = Debug|Any CPU
		{C1F06281-8688-490F-B4A7-B2D38DC49DAB}.Debug|x64.Build.0 = Debug|Any CPU
		{C1F06281-8688-490F-B4A7-B2D38DC49DAB}.Debug|x86.ActiveCfg = Debug|Any CPU
		{C1F06281-8688-490F-B4A7-B2D38DC49DAB}.Debug|x86.Build.0 = Debug|Any CPU
		{C1F06281-8688-490F-B4A7-B2D38DC49DAB}.Release|Any CPU.ActiveCfg = Release|Any CPU
		{C1F06281-8688-490F-B4A7-B2D38DC49DAB}.Release|Any CPU.Build.0 = Release|Any CPU
		{C1F06281-8688-490F-B4A7-B2D38DC49DAB}.Release|x64.ActiveCfg = Release|Any CPU
		{C1F06281-8688-490F-B4A7-B2D38DC49DAB}.Release|x64.Build.0 = Release|Any CPU
		{C1F06281-8688-490F-B4A7-B2D38DC49DAB}.Release|x86.ActiveCfg = Release|Any CPU
		{C1F06281-8688-490F-B4A7-B2D38DC49DAB}.Release|x86.Build.0 = Release|Any CPU
		{E1D97BFD-4DF0-4FCE-8281-5770ED156639}.Debug|Any CPU.ActiveCfg = Debug|Any CPU
		{E1D97BFD-4DF0-4FCE-8281-5770ED156639}.Debug|Any CPU.Build.0 = Debug|Any CPU
		{E1D97BFD-4DF0-4FCE-8281-5770ED156639}.Debug|x64.ActiveCfg = Debug|Any CPU
		{E1D97BFD-4DF0-4FCE-8281-5770ED156639}.Debug|x64.Build.0 = Debug|Any CPU
		{E1D97BFD-4DF0-4FCE-8281-5770ED156639}.Debug|x86.ActiveCfg = Debug|Any CPU
		{E1D97BFD-4DF0-4FCE-8281-5770ED156639}.Debug|x86.Build.0 = Debug|Any CPU
		{E1D97BFD-4DF0-4FCE-8281-5770ED156639}.Release|Any CPU.ActiveCfg = Release|Any CPU
		{E1D97BFD-4DF0-4FCE-8281-5770ED156639}.Release|Any CPU.Build.0 = Release|Any CPU
		{E1D97BFD-4DF0-4FCE-8281-5770ED156639}.Release|x64.ActiveCfg = Release|Any CPU
		{E1D97BFD-4DF0-4FCE-8281-5770ED156639}.Release|x64.Build.0 = Release|Any CPU
		{E1D97BFD-4DF0-4FCE-8281-5770ED156639}.Release|x86.ActiveCfg = Release|Any CPU
		{E1D97BFD-4DF0-4FCE-8281-5770ED156639}.Release|x86.Build.0 = Release|Any CPU
		{E6AB05FB-58BD-4B65-B2FD-ACD8FB556FEB}.Debug|Any CPU.ActiveCfg = Debug|Any CPU
		{E6AB05FB-58BD-4B65-B2FD-ACD8FB556FEB}.Debug|Any CPU.Build.0 = Debug|Any CPU
		{E6AB05FB-58BD-4B65-B2FD-ACD8FB556FEB}.Debug|x64.ActiveCfg = Debug|Any CPU
		{E6AB05FB-58BD-4B65-B2FD-ACD8FB556FEB}.Debug|x64.Build.0 = Debug|Any CPU
		{E6AB05FB-58BD-4B65-B2FD-ACD8FB556FEB}.Debug|x86.ActiveCfg = Debug|Any CPU
		{E6AB05FB-58BD-4B65-B2FD-ACD8FB556FEB}.Debug|x86.Build.0 = Debug|Any CPU
		{E6AB05FB-58BD-4B65-B2FD-ACD8FB556FEB}.Release|Any CPU.ActiveCfg = Release|Any CPU
		{E6AB05FB-58BD-4B65-B2FD-ACD8FB556FEB}.Release|Any CPU.Build.0 = Release|Any CPU
		{E6AB05FB-58BD-4B65-B2FD-ACD8FB556FEB}.Release|x64.ActiveCfg = Release|Any CPU
		{E6AB05FB-58BD-4B65-B2FD-ACD8FB556FEB}.Release|x64.Build.0 = Release|Any CPU
		{E6AB05FB-58BD-4B65-B2FD-ACD8FB556FEB}.Release|x86.ActiveCfg = Release|Any CPU
		{E6AB05FB-58BD-4B65-B2FD-ACD8FB556FEB}.Release|x86.Build.0 = Release|Any CPU
	EndGlobalSection
	GlobalSection(SolutionProperties) = preSolution
		HideSolutionNode = FALSE
	EndGlobalSection
EndGlobal
